
Microsoft Visual Studio Solution File, Format Version 12.00
# Visual Studio Version 17
VisualStudioVersion = 17.13.35818.85 d17.13
MinimumVisualStudioVersion = 10.0.40219.1
Project("{FAE04EC0-301F-11D3-BF4B-00C04F79EFBC}") = "BancoApp", "BancoApp\BancoApp.csproj", "{409797CA-FEDE-452F-A3D8-EAE7D98AEE84}"
EndProject
Project("{FAE04EC0-301F-11D3-BF4B-00C04F79EFBC}") = "DB", "DB\DB.csproj", "{2C4E52C2-AAB7-4C7E-ADD3-EBB3C9C97DA7}"
EndProject
Global
	GlobalSection(SolutionConfigurationPlatforms) = preSolution
		Debug|Any CPU = Debug|Any CPU
		Release|Any CPU = Release|Any CPU
	EndGlobalSection
	GlobalSection(ProjectConfigurationPlatforms) = postSolution
		{409797CA-FEDE-452F-A3D8-EAE7D98AEE84}.Debug|Any CPU.ActiveCfg = Debug|Any CPU
		{409797CA-FEDE-452F-A3D8-EAE7D98AEE84}.Debug|Any CPU.Build.0 = Debug|Any CPU
		{409797CA-FEDE-452F-A3D8-EAE7D98AEE84}.Release|Any CPU.ActiveCfg = Release|Any CPU
		{409797CA-FEDE-452F-A3D8-EAE7D98AEE84}.Release|Any CPU.Build.0 = Release|Any CPU
		{2C4E52C2-AAB7-4C7E-ADD3-EBB3C9C97DA7}.Debug|Any CPU.ActiveCfg = Debug|Any CPU
		{2C4E52C2-AAB7-4C7E-ADD3-EBB3C9C97DA7}.Debug|Any CPU.Build.0 = Debug|Any CPU
		{2C4E52C2-AAB7-4C7E-ADD3-EBB3C9C97DA7}.Release|Any CPU.ActiveCfg = Release|Any CPU
		{2C4E52C2-AAB7-4C7E-ADD3-EBB3C9C97DA7}.Release|Any CPU.Build.0 = Release|Any CPU
	EndGlobalSection
	GlobalSection(SolutionProperties) = preSolution
		HideSolutionNode = FALSE
	EndGlobalSection
	GlobalSection(ExtensibilityGlobals) = postSolution
		SolutionGuid = {9D6DF14A-4A77-4131-9DE8-8996F9B57400}
	EndGlobalSection
EndGlobal
